
Microsoft Visual Studio Solution File, Format Version 12.00
# Visual Studio Version 17
VisualStudioVersion = 17.7.34024.191
MinimumVisualStudioVersion = 10.0.40219.1
Project("{9A19103F-16F7-4668-BE54-9A1E7A4F7556}") = "UIProyecto2v2", "UIProyecto2v2.csproj", "{C3F1E644-6A23-4826-ABA1-2E6234F683B7}"
EndProject
Project("{9A19103F-16F7-4668-BE54-9A1E7A4F7556}") = "API_Proyecto3", "..\API_Proyecto3\API_Proyecto3.csproj", "{96B24CC1-F3C0-4A44-9BA5-6B0B2037596B}"
EndProject
Global
	GlobalSection(SolutionConfigurationPlatforms) = preSolution
		Debug|Any CPU = Debug|Any CPU
		Release|Any CPU = Release|Any CPU
	EndGlobalSection
	GlobalSection(ProjectConfigurationPlatforms) = postSolution
		{C3F1E644-6A23-4826-ABA1-2E6234F683B7}.Debug|Any CPU.ActiveCfg = Debug|Any CPU
		{C3F1E644-6A23-4826-ABA1-2E6234F683B7}.Debug|Any CPU.Build.0 = Debug|Any CPU
		{C3F1E644-6A23-4826-ABA1-2E6234F683B7}.Release|Any CPU.ActiveCfg = Release|Any CPU
		{C3F1E644-6A23-4826-ABA1-2E6234F683B7}.Release|Any CPU.Build.0 = Release|Any CPU
		{96B24CC1-F3C0-4A44-9BA5-6B0B2037596B}.Debug|Any CPU.ActiveCfg = Debug|Any CPU
		{96B24CC1-F3C0-4A44-9BA5-6B0B2037596B}.Debug|Any CPU.Build.0 = Debug|Any CPU
		{96B24CC1-F3C0-4A44-9BA5-6B0B2037596B}.Release|Any CPU.ActiveCfg = Release|Any CPU
		{96B24CC1-F3C0-4A44-9BA5-6B0B2037596B}.Release|Any CPU.Build.0 = Release|Any CPU
	EndGlobalSection
	GlobalSection(SolutionProperties) = preSolution
		HideSolutionNode = FALSE
	EndGlobalSection
	GlobalSection(ExtensibilityGlobals) = postSolution
		SolutionGuid = {EC167D9A-8A1A-4EAE-A347-ED881FFE2F64}
	EndGlobalSection
EndGlobal
